
Microsoft Visual Studio Solution File, Format Version 12.00
# Visual Studio Version 16
VisualStudioVersion = 16.0.31410.357
MinimumVisualStudioVersion = 10.0.40219.1
Project("{9A19103F-16F7-4668-BE54-9A1E7A4F7556}") = "MongoDb.ConcurrencyControl", "MongoDb.ConcurrencyControl\MongoDb.ConcurrencyControl.csproj", "{13A3C5CA-20A5-48BF-AA8C-2BDF6163CED2}"
EndProject
Project("{2150E333-8FDC-42A3-9474-1A3956D46DE8}") = "Solution Items", "Solution Items", "{A5E2C53B-D6CB-4A89-9F1F-1B7106BA8D5F}"
	ProjectSection(SolutionItems) = preProject
		docker-compose.yml = docker-compose.yml
	EndProjectSection
EndProject
Project("{9A19103F-16F7-4668-BE54-9A1E7A4F7556}") = "MongoDb.PessimisticConcurrency", "MongoDb.PessimisticConcurrency\MongoDb.PessimisticConcurrency.csproj", "{E46E6DDE-3DBE-4731-B326-606739CA9722}"
EndProject
Project("{FAE04EC0-301F-11D3-BF4B-00C04F79EFBC}") = "MongoDb.CurrencyControl.Tests", "MongoDb.CurrencyControl.Tests\MongoDb.CurrencyControl.Tests.csproj", "{ECD44FFB-2011-4493-AFCB-EE00AC858502}"
EndProject
Global
	GlobalSection(SolutionConfigurationPlatforms) = preSolution
		Debug|Any CPU = Debug|Any CPU
		Release|Any CPU = Release|Any CPU
	EndGlobalSection
	GlobalSection(ProjectConfigurationPlatforms) = postSolution
		{13A3C5CA-20A5-48BF-AA8C-2BDF6163CED2}.Debug|Any CPU.ActiveCfg = Debug|Any CPU
		{13A3C5CA-20A5-48BF-AA8C-2BDF6163CED2}.Debug|Any CPU.Build.0 = Debug|Any CPU
		{13A3C5CA-20A5-48BF-AA8C-2BDF6163CED2}.Release|Any CPU.ActiveCfg = Release|Any CPU
		{13A3C5CA-20A5-48BF-AA8C-2BDF6163CED2}.Release|Any CPU.Build.0 = Release|Any CPU
		{E46E6DDE-3DBE-4731-B326-606739CA9722}.Debug|Any CPU.ActiveCfg = Debug|Any CPU
		{E46E6DDE-3DBE-4731-B326-606739CA9722}.Debug|Any CPU.Build.0 = Debug|Any CPU
		{E46E6DDE-3DBE-4731-B326-606739CA9722}.Release|Any CPU.ActiveCfg = Release|Any CPU
		{E46E6DDE-3DBE-4731-B326-606739CA9722}.Release|Any CPU.Build.0 = Release|Any CPU
		{ECD44FFB-2011-4493-AFCB-EE00AC858502}.Debug|Any CPU.ActiveCfg = Debug|Any CPU
		{ECD44FFB-2011-4493-AFCB-EE00AC858502}.Debug|Any CPU.Build.0 = Debug|Any CPU
		{ECD44FFB-2011-4493-AFCB-EE00AC858502}.Release|Any CPU.ActiveCfg = Release|Any CPU
		{ECD44FFB-2011-4493-AFCB-EE00AC858502}.Release|Any CPU.Build.0 = Release|Any CPU
	EndGlobalSection
	GlobalSection(SolutionProperties) = preSolution
		HideSolutionNode = FALSE
	EndGlobalSection
	GlobalSection(ExtensibilityGlobals) = postSolution
		SolutionGuid = {4F488874-3A2B-4D26-AF0D-183C7B509D6E}
	EndGlobalSection
EndGlobal
